
Microsoft Visual Studio Solution File, Format Version 12.00
# Visual Studio 15
VisualStudioVersion = 15.0.27703.2042
MinimumVisualStudioVersion = 10.0.40219.1
Project("{FAE04EC0-301F-11D3-BF4B-00C04F79EFBC}") = "WebWithAuthentication", "WebWithAuthentication\WebWithAuthentication.csproj", "{0C643ED3-303E-4387-88F4-7BEDC6A4C00A}"
EndProject
Global
	GlobalSection(SolutionConfigurationPlatforms) = preSolution
		Debug|Any CPU = Debug|Any CPU
		Release|Any CPU = Release|Any CPU
	EndGlobalSection
	GlobalSection(ProjectConfigurationPlatforms) = postSolution
		{0C643ED3-303E-4387-88F4-7BEDC6A4C00A}.Debug|Any CPU.ActiveCfg = Debug|Any CPU
		{0C643ED3-303E-4387-88F4-7BEDC6A4C00A}.Debug|Any CPU.Build.0 = Debug|Any CPU
		{0C643ED3-303E-4387-88F4-7BEDC6A4C00A}.Release|Any CPU.ActiveCfg = Release|Any CPU
		{0C643ED3-303E-4387-88F4-7BEDC6A4C00A}.Release|Any CPU.Build.0 = Release|Any CPU
	EndGlobalSection
	GlobalSection(SolutionProperties) = preSolution
		HideSolutionNode = FALSE
	EndGlobalSection
	GlobalSection(ExtensibilityGlobals) = postSolution
		SolutionGuid = {B7292C0B-9FAF-4427-9D6D-4CA84555E891}
	EndGlobalSection
EndGlobal
